<?xml version="1.0" encoding="utf-8"?>
<Project ToolsVersion="4.0" xmlns="http://schemas.microsoft.com/developer/msbuild/2003">
  <ItemGroup>
    <Filter Include="Source Files">
      <UniqueIdentifier>{4FC737F1-C7A5-4376-A066-2A32D752A2FF}</UniqueIdentifier>
      <Extensions>cpp;c;cc;cxx;c++;cppm;ixx;def;odl;idl;hpj;bat;asm;asmx</Extensions>
    </Filter>
    <Filter Include="Header Files">
      <UniqueIdentifier>{93995380-89BD-4b04-88EB-625FBE52EBFB}</UniqueIdentifier>
      <Extensions>h;hh;hpp;hxx;h++;hm;inl;inc;ipp;xsd</Extensions>
    </Filter>
    <Filter Include="Resource Files">
      <UniqueIdentifier>{67DA6AB6-F800-4c08-8B7A-83BB121AAD01}</UniqueIdentifier>
      <Extensions>rc;ico;cur;bmp;dlg;rc2;rct;bin;rgs;gif;jpg;jpeg;jpe;resx;tiff;tif;png;wav;mfcribbon-ms</Extensions>
    </Filter>
  </ItemGroup>
  <ItemGroup>
    <ClCompile Include="objRenderer.cpp">
      <Filter>Source Files</Filter>
    </ClCompile>
    <ClCompile Include="objFileProcessor.cpp">
      <Filter>Source Files</Filter>
    </ClCompile>
  </ItemGroup>
  <ItemGroup>
    <ClInclude Include="resource.h">
      <Filter>Header Files</Filter>
    </ClInclude>
    <ClInclude Include="objRenderer.h">
      <Filter>Header Files</Filter>
    </ClInclude>
  </ItemGroup>
  <ItemGroup>
    <None Include="shaders.hlsl" />
    <None Include="Text.Blender-Cube.obj" />
    <None Include="Wavefront .obj file repository\Text.Blender-Cube.obj" />
    <None Include="Wavefront .obj file repository\Text.Blender-Pyramid.obj" />
    <None Include="Wavefront .obj file repository\Text.Blender-Suzanne.obj" />
    <None Include="Wavefront .obj file repository\Text.Gemini-Valley and Mountain Scene (normalized).obj" />
    <None Include="Wavefront .obj file repository\Text.Gemini-Valley and Mountain Scene.obj" />
    <None Include="Wavefront .obj file repository\Text.obj" />
  </ItemGroup>
  <ItemGroup>
    <Image Include="Wood.png">
      <Filter>Resource Files</Filter>
    </Image>
    <Image Include="150-IMG-20251030-WA0001.png">
      <Filter>Resource Files</Filter>
    </Image>
  </ItemGroup>
  <ItemGroup>
    <ResourceCompile Include="resource.rc">
      <Filter>Resource Files</Filter>
    </ResourceCompile>
  </ItemGroup>
  <ItemGroup>
    <Text Include="Wavefront .obj file repository\#read-only set on all files.txt" />
  </ItemGroup>
</Project>